// !$*UTF8*$!
{
	archiveVersion = 1;
	classes = {
	};
	objectVersion = 48;
	objects = {

/* Begin PBXBuildFile section */
		573698E11FD44C690015E949 /* UIImage+.swift in Sources */ = {isa = PBXBuildFile; fileRef = 573698E01FD44C690015E949 /* UIImage+.swift */; };
		573698E31FD45FA00015E949 /* RecognizeNumberService.swift in Sources */ = {isa = PBXBuildFile; fileRef = 573698E21FD45FA00015E949 /* RecognizeNumberService.swift */; };
		5791AE8D1FCC8F4D006AF330 /* AppDelegate.swift in Sources */ = {isa = PBXBuildFile; fileRef = 5791AE8C1FCC8F4D006AF330 /* AppDelegate.swift */; };
		5791AE8F1FCC8F4D006AF330 /* ViewController.swift in Sources */ = {isa = PBXBuildFile; fileRef = 5791AE8E1FCC8F4D006AF330 /* ViewController.swift */; };
		5791AE921FCC8F4E006AF330 /* Main.storyboard in Resources */ = {isa = PBXBuildFile; fileRef = 5791AE901FCC8F4E006AF330 /* Main.storyboard */; };
		5791AE941FCC8F4E006AF330 /* Assets.xcassets in Resources */ = {isa = PBXBuildFile; fileRef = 5791AE931FCC8F4E006AF330 /* Assets.xcassets */; };
		5791AE971FCC8F4E006AF330 /* LaunchScreen.storyboard in Resources */ = {isa = PBXBuildFile; fileRef = 5791AE951FCC8F4E006AF330 /* LaunchScreen.storyboard */; };
		57C98FC31FCC92E200718A72 /* DrawableView.swift in Sources */ = {isa = PBXBuildFile; fileRef = 57C98FC21FCC92E200718A72 /* DrawableView.swift */; };
		57C98FC61FCDA29F00718A72 /* JSONObject.swift in Sources */ = {isa = PBXBuildFile; fileRef = 57C98FC51FCDA29F00718A72 /* JSONObject.swift */; };
		57C98FC91FCDA36C00718A72 /* APIEndpoint.swift in Sources */ = {isa = PBXBuildFile; fileRef = 57C98FC81FCDA36C00718A72 /* APIEndpoint.swift */; };
		57C98FCB1FCDA3B400718A72 /* NumRecogEndpoint.swift in Sources */ = {isa = PBXBuildFile; fileRef = 57C98FCA1FCDA3B400718A72 /* NumRecogEndpoint.swift */; };
		57C98FCD1FCDA4B500718A72 /* GetStatusService.swift in Sources */ = {isa = PBXBuildFile; fileRef = 57C98FCC1FCDA4B500718A72 /* GetStatusService.swift */; };
/* End PBXBuildFile section */

/* Begin PBXFileReference section */
		573698E01FD44C690015E949 /* UIImage+.swift */ = {isa = PBXFileReference; lastKnownFileType = sourcecode.swift; path = "UIImage+.swift"; sourceTree = "<group>"; };
		573698E21FD45FA00015E949 /* RecognizeNumberService.swift */ = {isa = PBXFileReference; lastKnownFileType = sourcecode.swift; path = RecognizeNumberService.swift; sourceTree = "<group>"; };
		5791AE891FCC8F4D006AF330 /* number-recognition-ios.app */ = {isa = PBXFileReference; explicitFileType = wrapper.application; includeInIndex = 0; path = "number-recognition-ios.app"; sourceTree = BUILT_PRODUCTS_DIR; };
		5791AE8C1FCC8F4D006AF330 /* AppDelegate.swift */ = {isa = PBXFileReference; lastKnownFileType = sourcecode.swift; path = AppDelegate.swift; sourceTree = "<group>"; };
		5791AE8E1FCC8F4D006AF330 /* ViewController.swift */ = {isa = PBXFileReference; lastKnownFileType = sourcecode.swift; path = ViewController.swift; sourceTree = "<group>"; };
		5791AE911FCC8F4E006AF330 /* Base */ = {isa = PBXFileReference; lastKnownFileType = file.storyboard; name = Base; path = Base.lproj/Main.storyboard; sourceTree = "<group>"; };
		5791AE931FCC8F4E006AF330 /* Assets.xcassets */ = {isa = PBXFileReference; lastKnownFileType = folder.assetcatalog; path = Assets.xcassets; sourceTree = "<group>"; };
		5791AE961FCC8F4E006AF330 /* Base */ = {isa = PBXFileReference; lastKnownFileType = file.storyboard; name = Base; path = Base.lproj/LaunchScreen.storyboard; sourceTree = "<group>"; };
		5791AE981FCC8F4E006AF330 /* Info.plist */ = {isa = PBXFileReference; lastKnownFileType = text.plist.xml; path = Info.plist; sourceTree = "<group>"; };
		57C98FC21FCC92E200718A72 /* DrawableView.swift */ = {isa = PBXFileReference; lastKnownFileType = sourcecode.swift; path = DrawableView.swift; sourceTree = "<group>"; };
		57C98FC51FCDA29F00718A72 /* JSONObject.swift */ = {isa = PBXFileReference; lastKnownFileType = sourcecode.swift; path = JSONObject.swift; sourceTree = "<group>"; };
		57C98FC81FCDA36C00718A72 /* APIEndpoint.swift */ = {isa = PBXFileReference; lastKnownFileType = sourcecode.swift; path = APIEndpoint.swift; sourceTree = "<group>"; };
		57C98FCA1FCDA3B400718A72 /* NumRecogEndpoint.swift */ = {isa = PBXFileReference; lastKnownFileType = sourcecode.swift; path = NumRecogEndpoint.swift; sourceTree = "<group>"; };
		57C98FCC1FCDA4B500718A72 /* GetStatusService.swift */ = {isa = PBXFileReference; lastKnownFileType = sourcecode.swift; path = GetStatusService.swift; sourceTree = "<group>"; };
/* End PBXFileReference section */

/* Begin PBXFrameworksBuildPhase section */
		5791AE861FCC8F4D006AF330 /* Frameworks */ = {
			isa = PBXFrameworksBuildPhase;
			buildActionMask = 2147483647;
			files = (
			);
			runOnlyForDeploymentPostprocessing = 0;
		};
/* End PBXFrameworksBuildPhase section */

/* Begin PBXGroup section */
		573698DF1FD44C330015E949 /* Extension */ = {
			isa = PBXGroup;
			children = (
				573698E01FD44C690015E949 /* UIImage+.swift */,
			);
			path = Extension;
			sourceTree = "<group>";
		};
		5791AE801FCC8F4D006AF330 = {
			isa = PBXGroup;
			children = (
				5791AE8B1FCC8F4D006AF330 /* number-recognition-ios */,
				5791AE8A1FCC8F4D006AF330 /* Products */,
			);
			sourceTree = "<group>";
		};
		5791AE8A1FCC8F4D006AF330 /* Products */ = {
			isa = PBXGroup;
			children = (
				5791AE891FCC8F4D006AF330 /* number-recognition-ios.app */,
			);
			name = Products;
			sourceTree = "<group>";
		};
		5791AE8B1FCC8F4D006AF330 /* number-recognition-ios */ = {
			isa = PBXGroup;
			children = (
				573698DF1FD44C330015E949 /* Extension */,
				57C98FC71FCDA35B00718A72 /* Service */,
				57C98FC41FCDA28A00718A72 /* Utility */,
				57C98FC11FCC928200718A72 /* ViewController */,
				57C98FC01FCC926F00718A72 /* View */,
				5791AE8C1FCC8F4D006AF330 /* AppDelegate.swift */,
				5791AE931FCC8F4E006AF330 /* Assets.xcassets */,
				5791AE981FCC8F4E006AF330 /* Info.plist */,
			);
			path = "number-recognition-ios";
			sourceTree = "<group>";
		};
		57C98FC01FCC926F00718A72 /* View */ = {
			isa = PBXGroup;
			children = (
				5791AE951FCC8F4E006AF330 /* LaunchScreen.storyboard */,
				5791AE901FCC8F4E006AF330 /* Main.storyboard */,
				57C98FC21FCC92E200718A72 /* DrawableView.swift */,
			);
			path = View;
			sourceTree = "<group>";
		};
		57C98FC11FCC928200718A72 /* ViewController */ = {
			isa = PBXGroup;
			children = (
				5791AE8E1FCC8F4D006AF330 /* ViewController.swift */,
			);
			path = ViewController;
			sourceTree = "<group>";
		};
		57C98FC41FCDA28A00718A72 /* Utility */ = {
			isa = PBXGroup;
			children = (
				57C98FC51FCDA29F00718A72 /* JSONObject.swift */,
			);
			path = Utility;
			sourceTree = "<group>";
		};
		57C98FC71FCDA35B00718A72 /* Service */ = {
			isa = PBXGroup;
			children = (
				57C98FC81FCDA36C00718A72 /* APIEndpoint.swift */,
				57C98FCA1FCDA3B400718A72 /* NumRecogEndpoint.swift */,
				57C98FCC1FCDA4B500718A72 /* GetStatusService.swift */,
				573698E21FD45FA00015E949 /* RecognizeNumberService.swift */,
			);
			path = Service;
			sourceTree = "<group>";
		};
/* End PBXGroup section */

/* Begin PBXNativeTarget section */
		5791AE881FCC8F4D006AF330 /* number-recognition-ios */ = {
			isa = PBXNativeTarget;
			buildConfigurationList = 5791AE9B1FCC8F4E006AF330 /* Build configuration list for PBXNativeTarget "number-recognition-ios" */;
			buildPhases = (
				5791AE851FCC8F4D006AF330 /* Sources */,
				5791AE861FCC8F4D006AF330 /* Frameworks */,
				5791AE871FCC8F4D006AF330 /* Resources */,
			);
			buildRules = (
			);
			dependencies = (
			);
			name = "number-recognition-ios";
			productName = "number-recognition-ios";
			productReference = 5791AE891FCC8F4D006AF330 /* number-recognition-ios.app */;
			productType = "com.apple.product-type.application";
		};
/* End PBXNativeTarget section */

/* Begin PBXProject section */
		5791AE811FCC8F4D006AF330 /* Project object */ = {
			isa = PBXProject;
			attributes = {
				LastSwiftUpdateCheck = 0900;
				LastUpgradeCheck = 0900;
				ORGANIZATIONNAME = "Masaya Hayashi";
				TargetAttributes = {
					5791AE881FCC8F4D006AF330 = {
						CreatedOnToolsVersion = 9.0.1;
						ProvisioningStyle = Automatic;
					};
				};
			};
			buildConfigurationList = 5791AE841FCC8F4D006AF330 /* Build configuration list for PBXProject "number-recognition-ios" */;
			compatibilityVersion = "Xcode 8.0";
			developmentRegion = en;
			hasScannedForEncodings = 0;
			knownRegions = (
				en,
				Base,
			);
			mainGroup = 5791AE801FCC8F4D006AF330;
			productRefGroup = 5791AE8A1FCC8F4D006AF330 /* Products */;
			projectDirPath = "";
			projectRoot = "";
			targets = (
				5791AE881FCC8F4D006AF330 /* number-recognition-ios */,
			);
		};
/* End PBXProject section */

/* Begin PBXResourcesBuildPhase section */
		5791AE871FCC8F4D006AF330 /* Resources */ = {
			isa = PBXResourcesBuildPhase;
			buildActionMask = 2147483647;
			files = (
				5791AE971FCC8F4E006AF330 /* LaunchScreen.storyboard in Resources */,
				5791AE941FCC8F4E006AF330 /* Assets.xcassets in Resources */,
				5791AE921FCC8F4E006AF330 /* Main.storyboard in Resources */,
			);
			runOnlyForDeploymentPostprocessing = 0;
		};
/* End PBXResourcesBuildPhase section */

/* Begin PBXSourcesBuildPhase section */
		5791AE851FCC8F4D006AF330 /* Sources */ = {
			isa = PBXSourcesBuildPhase;
			buildActionMask = 2147483647;
			files = (
				57C98FCB1FCDA3B400718A72 /* NumRecogEndpoint.swift in Sources */,
				57C98FC61FCDA29F00718A72 /* JSONObject.swift in Sources */,
				57C98FC31FCC92E200718A72 /* DrawableView.swift in Sources */,
				5791AE8F1FCC8F4D006AF330 /* ViewController.swift in Sources */,
				5791AE8D1FCC8F4D006AF330 /* AppDelegate.swift in Sources */,
				573698E11FD44C690015E949 /* UIImage+.swift in Sources */,
				57C98FCD1FCDA4B500718A72 /* GetStatusService.swift in Sources */,
				57C98FC91FCDA36C00718A72 /* APIEndpoint.swift in Sources */,
				573698E31FD45FA00015E949 /* RecognizeNumberService.swift in Sources */,
			);
			runOnlyForDeploymentPostprocessing = 0;
		};
/* End PBXSourcesBuildPhase section */

/* Begin PBXVariantGroup section */
		5791AE901FCC8F4E006AF330 /* Main.storyboard */ = {
			isa = PBXVariantGroup;
			children = (
				5791AE911FCC8F4E006AF330 /* Base */,
			);
			name = Main.storyboard;
			sourceTree = "<group>";
		};
		5791AE951FCC8F4E006AF330 /* LaunchScreen.storyboard */ = {
			isa = PBXVariantGroup;
			children = (
				5791AE961FCC8F4E006AF330 /* Base */,
			);
			name = LaunchScreen.storyboard;
			sourceTree = "<group>";
		};
/* End PBXVariantGroup section */

/* Begin XCBuildConfiguration section */
		5791AE991FCC8F4E006AF330 /* Debug */ = {
			isa = XCBuildConfiguration;
			buildSettings = {
				ALWAYS_SEARCH_USER_PATHS = NO;
				CLANG_ANALYZER_NONNULL = YES;
				CLANG_ANALYZER_NUMBER_OBJECT_CONVERSION = YES_AGGRESSIVE;
				CLANG_CXX_LANGUAGE_STANDARD = "gnu++14";
				CLANG_CXX_LIBRARY = "libc++";
				CLANG_ENABLE_MODULES = YES;
				CLANG_ENABLE_OBJC_ARC = YES;
				CLANG_WARN_BLOCK_CAPTURE_AUTORELEASING = YES;
				CLANG_WARN_BOOL_CONVERSION = YES;
				CLANG_WARN_COMMA = YES;
				CLANG_WARN_CONSTANT_CONVERSION = YES;
				CLANG_WARN_DIRECT_OBJC_ISA_USAGE = YES_ERROR;
				CLANG_WARN_DOCUMENTATION_COMMENTS = YES;
				CLANG_WARN_EMPTY_BODY = YES;
				CLANG_WARN_ENUM_CONVERSION = YES;
				CLANG_WARN_INFINITE_RECURSION = YES;
				CLANG_WARN_INT_CONVERSION = YES;
				CLANG_WARN_NON_LITERAL_NULL_CONVERSION = YES;
				CLANG_WARN_OBJC_LITERAL_CONVERSION = YES;
				CLANG_WARN_OBJC_ROOT_CLASS = YES_ERROR;
				CLANG_WARN_RANGE_LOOP_ANALYSIS = YES;
				CLANG_WARN_STRICT_PROTOTYPES = YES;
				CLANG_WARN_SUSPICIOUS_MOVE = YES;
				CLANG_WARN_UNGUARDED_AVAILABILITY = YES_AGGRESSIVE;
				CLANG_WARN_UNREACHABLE_CODE = YES;
				CLANG_WARN__DUPLICATE_METHOD_MATCH = YES;
				CODE_SIGN_IDENTITY = "iPhone Developer";
				COPY_PHASE_STRIP = NO;
				DEBUG_INFORMATION_FORMAT = dwarf;
				ENABLE_STRICT_OBJC_MSGSEND = YES;
				ENABLE_TESTABILITY = YES;
				GCC_C_LANGUAGE_STANDARD = gnu11;
				GCC_DYNAMIC_NO_PIC = NO;
				GCC_NO_COMMON_BLOCKS = YES;
				GCC_OPTIMIZATION_LEVEL = 0;
				GCC_PREPROCESSOR_DEFINITIONS = (
					"DEBUG=1",
					"$(inherited)",
				);
				GCC_WARN_64_TO_32_BIT_CONVERSION = YES;
				GCC_WARN_ABOUT_RETURN_TYPE = YES_ERROR;
				GCC_WARN_UNDECLARED_SELECTOR = YES;
				GCC_WARN_UNINITIALIZED_AUTOS = YES_AGGRESSIVE;
				GCC_WARN_UNUSED_FUNCTION = YES;
				GCC_WARN_UNUSED_VARIABLE = YES;
				IPHONEOS_DEPLOYMENT_TARGET = 11.0;
				MTL_ENABLE_DEBUG_INFO = YES;
				ONLY_ACTIVE_ARCH = YES;
				SDKROOT = iphoneos;
				SWIFT_ACTIVE_COMPILATION_CONDITIONS = DEBUG;
				SWIFT_OPTIMIZATION_LEVEL = "-Onone";
			};
			name = Debug;
		};
		5791AE9A1FCC8F4E006AF330 /* Release */ = {
			isa = XCBuildConfiguration;
			buildSettings = {
				ALWAYS_SEARCH_USER_PATHS = NO;
				CLANG_ANALYZER_NONNULL = YES;
				CLANG_ANALYZER_NUMBER_OBJECT_CONVERSION = YES_AGGRESSIVE;
				CLANG_CXX_LANGUAGE_STANDARD = "gnu++14";
				CLANG_CXX_LIBRARY = "libc++";
				CLANG_ENABLE_MODULES = YES;
				CLANG_ENABLE_OBJC_ARC = YES;
				CLANG_WARN_BLOCK_CAPTURE_AUTORELEASING = YES;
				CLANG_WARN_BOOL_CONVERSION = YES;
				CLANG_WARN_COMMA = YES;
				CLANG_WARN_CONSTANT_CONVERSION = YES;
				CLANG_WARN_DIRECT_OBJC_ISA_USAGE = YES_ERROR;
				CLANG_WARN_DOCUMENTATION_COMMENTS = YES;
				CLANG_WARN_EMPTY_BODY = YES;
				CLANG_WARN_ENUM_CONVERSION = YES;
				CLANG_WARN_INFINITE_RECURSION = YES;
				CLANG_WARN_INT_CONVERSION = YES;
				CLANG_WARN_NON_LITERAL_NULL_CONVERSION = YES;
				CLANG_WARN_OBJC_LITERAL_CONVERSION = YES;
				CLANG_WARN_OBJC_ROOT_CLASS = YES_ERROR;
				CLANG_WARN_RANGE_LOOP_ANALYSIS = YES;
				CLANG_WARN_STRICT_PROTOTYPES = YES;
				CLANG_WARN_SUSPICIOUS_MOVE = YES;
				CLANG_WARN_UNGUARDED_AVAILABILITY = YES_AGGRESSIVE;
				CLANG_WARN_UNREACHABLE_CODE = YES;
				CLANG_WARN__DUPLICATE_METHOD_MATCH = YES;
				CODE_SIGN_IDENTITY = "iPhone Developer";
				COPY_PHASE_STRIP = NO;
				DEBUG_INFORMATION_FORMAT = "dwarf-with-dsym";
				ENABLE_NS_ASSERTIONS = NO;
				ENABLE_STRICT_OBJC_MSGSEND = YES;
				GCC_C_LANGUAGE_STANDARD = gnu11;
				GCC_NO_COMMON_BLOCKS = YES;
				GCC_WARN_64_TO_32_BIT_CONVERSION = YES;
				GCC_WARN_ABOUT_RETURN_TYPE = YES_ERROR;
				GCC_WARN_UNDECLARED_SELECTOR = YES;
				GCC_WARN_UNINITIALIZED_AUTOS = YES_AGGRESSIVE;
				GCC_WARN_UNUSED_FUNCTION = YES;
				GCC_WARN_UNUSED_VARIABLE = YES;
				IPHONEOS_DEPLOYMENT_TARGET = 11.0;
				MTL_ENABLE_DEBUG_INFO = NO;
				SDKROOT = iphoneos;
				SWIFT_OPTIMIZATION_LEVEL = "-Owholemodule";
				VALIDATE_PRODUCT = YES;
			};
			name = Release;
		};
		5791AE9C1FCC8F4E006AF330 /* Debug */ = {
			isa = XCBuildConfiguration;
			buildSettings = {
				ASSETCATALOG_COMPILER_APPICON_NAME = AppIcon;
				CODE_SIGN_STYLE = Automatic;
				DEVELOPMENT_TEAM = L9A82E54U5;
				INFOPLIST_FILE = "number-recognition-ios/Info.plist";
				IPHONEOS_DEPLOYMENT_TARGET = 9.0;
				LD_RUNPATH_SEARCH_PATHS = "$(inherited) @executable_path/Frameworks";
				PRODUCT_BUNDLE_IDENTIFIER = "com.masayahayashi.number-recognition-ios";
				PRODUCT_NAME = "$(TARGET_NAME)";
				SWIFT_VERSION = 4.0;
				TARGETED_DEVICE_FAMILY = "1,2";
			};
			name = Debug;
		};
		5791AE9D1FCC8F4E006AF330 /* Release */ = {
			isa = XCBuildConfiguration;
			buildSettings = {
				ASSETCATALOG_COMPILER_APPICON_NAME = AppIcon;
				CODE_SIGN_STYLE = Automatic;
				DEVELOPMENT_TEAM = L9A82E54U5;
				INFOPLIST_FILE = "number-recognition-ios/Info.plist";
				IPHONEOS_DEPLOYMENT_TARGET = 9.0;
				LD_RUNPATH_SEARCH_PATHS = "$(inherited) @executable_path/Frameworks";
				PRODUCT_BUNDLE_IDENTIFIER = "com.masayahayashi.number-recognition-ios";
				PRODUCT_NAME = "$(TARGET_NAME)";
				SWIFT_VERSION = 4.0;
				TARGETED_DEVICE_FAMILY = "1,2";
			};
			name = Release;
		};
/* End XCBuildConfiguration section */

/* Begin XCConfigurationList section */
		5791AE841FCC8F4D006AF330 /* Build configuration list for PBXProject "number-recognition-ios" */ = {
			isa = XCConfigurationList;
			buildConfigurations = (
				5791AE991FCC8F4E006AF330 /* Debug */,
				5791AE9A1FCC8F4E006AF330 /* Release */,
			);
			defaultConfigurationIsVisible = 0;
			defaultConfigurationName = Release;
		};
		5791AE9B1FCC8F4E006AF330 /* Build configuration list for PBXNativeTarget "number-recognition-ios" */ = {
			isa = XCConfigurationList;
			buildConfigurations = (
				5791AE9C1FCC8F4E006AF330 /* Debug */,
				5791AE9D1FCC8F4E006AF330 /* Release */,
			);
			defaultConfigurationIsVisible = 0;
			defaultConfigurationName = Release;
		};
/* End XCConfigurationList section */
	};
	rootObject = 5791AE811FCC8F4D006AF330 /* Project object */;
}
